// !$*UTF8*$!
{
	archiveVersion = 1;
	classes = {
	};
	objectVersion = 46;
	objects = {

/* Begin PBXBuildFile section */
		603089B51D254F0F001F3D76 /* DataModel.swift in Sources */ = {isa = PBXBuildFile; fileRef = 603089B41D254F0F001F3D76 /* DataModel.swift */; };
		605391091D1AD15A00B38642 /* ItemDetailViewControllerDelegate.swift in Sources */ = {isa = PBXBuildFile; fileRef = 605391081D1AD15A00B38642 /* ItemDetailViewControllerDelegate.swift */; };
		6081F0071D1A7C34004899E9 /* ChecklistItem.swift in Sources */ = {isa = PBXBuildFile; fileRef = 6081F0061D1A7C34004899E9 /* ChecklistItem.swift */; };
		6081F0091D1AA49B004899E9 /* ItemDetailViewController.swift in Sources */ = {isa = PBXBuildFile; fileRef = 6081F0081D1AA49B004899E9 /* ItemDetailViewController.swift */; };
		60CDF5D31D257B8A00EADDBC /* IconPickerViewControllerDelegate.swift in Sources */ = {isa = PBXBuildFile; fileRef = 60CDF5D21D257B8A00EADDBC /* IconPickerViewControllerDelegate.swift */; };
		60CDF5D51D257BEA00EADDBC /* IconPickerViewController.swift in Sources */ = {isa = PBXBuildFile; fileRef = 60CDF5D41D257BEA00EADDBC /* IconPickerViewController.swift */; };
		6B94CBB51D19DEB5003CF7C7 /* AppDelegate.swift in Sources */ = {isa = PBXBuildFile; fileRef = 6B94CBB41D19DEB5003CF7C7 /* AppDelegate.swift */; };
		6B94CBB71D19DEB5003CF7C7 /* ChecklistViewController.swift in Sources */ = {isa = PBXBuildFile; fileRef = 6B94CBB61D19DEB5003CF7C7 /* ChecklistViewController.swift */; };
		6B94CBBA1D19DEB5003CF7C7 /* Main.storyboard in Resources */ = {isa = PBXBuildFile; fileRef = 6B94CBB81D19DEB5003CF7C7 /* Main.storyboard */; };
		6B94CBBC1D19DEB5003CF7C7 /* Assets.xcassets in Resources */ = {isa = PBXBuildFile; fileRef = 6B94CBBB1D19DEB5003CF7C7 /* Assets.xcassets */; };
		6B9C46D71D2458FB00BAA098 /* AllListsViewController.swift in Sources */ = {isa = PBXBuildFile; fileRef = 6B9C46D61D2458FB00BAA098 /* AllListsViewController.swift */; };
		6B9C46DA1D245DB800BAA098 /* Checklist.swift in Sources */ = {isa = PBXBuildFile; fileRef = 6B9C46D91D245DB800BAA098 /* Checklist.swift */; };
		6B9C46DC1D24660A00BAA098 /* ListDetailViewController.swift in Sources */ = {isa = PBXBuildFile; fileRef = 6B9C46DB1D24660A00BAA098 /* ListDetailViewController.swift */; };
		6B9C46DE1D2469DE00BAA098 /* ListDetailViewControllerDelegate.swift in Sources */ = {isa = PBXBuildFile; fileRef = 6B9C46DD1D2469DE00BAA098 /* ListDetailViewControllerDelegate.swift */; };
/* End PBXBuildFile section */

/* Begin PBXFileReference section */
		603089B41D254F0F001F3D76 /* DataModel.swift */ = {isa = PBXFileReference; fileEncoding = 4; lastKnownFileType = sourcecode.swift; path = DataModel.swift; sourceTree = "<group>"; };
		605391081D1AD15A00B38642 /* ItemDetailViewControllerDelegate.swift */ = {isa = PBXFileReference; fileEncoding = 4; lastKnownFileType = sourcecode.swift; path = ItemDetailViewControllerDelegate.swift; sourceTree = "<group>"; };
		6081F0061D1A7C34004899E9 /* ChecklistItem.swift */ = {isa = PBXFileReference; fileEncoding = 4; lastKnownFileType = sourcecode.swift; path = ChecklistItem.swift; sourceTree = "<group>"; };
		6081F0081D1AA49B004899E9 /* ItemDetailViewController.swift */ = {isa = PBXFileReference; fileEncoding = 4; lastKnownFileType = sourcecode.swift; path = ItemDetailViewController.swift; sourceTree = "<group>"; };
		60CDF5D21D257B8A00EADDBC /* IconPickerViewControllerDelegate.swift */ = {isa = PBXFileReference; fileEncoding = 4; lastKnownFileType = sourcecode.swift; path = IconPickerViewControllerDelegate.swift; sourceTree = "<group>"; };
		60CDF5D41D257BEA00EADDBC /* IconPickerViewController.swift */ = {isa = PBXFileReference; fileEncoding = 4; lastKnownFileType = sourcecode.swift; path = IconPickerViewController.swift; sourceTree = "<group>"; };
		6B94CBB11D19DEA6003CF7C7 /* CheckLister.app */ = {isa = PBXFileReference; explicitFileType = wrapper.application; includeInIndex = 0; path = CheckLister.app; sourceTree = BUILT_PRODUCTS_DIR; };
		6B94CBB41D19DEB5003CF7C7 /* AppDelegate.swift */ = {isa = PBXFileReference; lastKnownFileType = sourcecode.swift; path = AppDelegate.swift; sourceTree = "<group>"; };
		6B94CBB61D19DEB5003CF7C7 /* ChecklistViewController.swift */ = {isa = PBXFileReference; lastKnownFileType = sourcecode.swift; path = ChecklistViewController.swift; sourceTree = "<group>"; };
		6B94CBB91D19DEB5003CF7C7 /* Base */ = {isa = PBXFileReference; lastKnownFileType = file.storyboard; name = Base; path = Base.lproj/Main.storyboard; sourceTree = "<group>"; };
		6B94CBBB1D19DEB5003CF7C7 /* Assets.xcassets */ = {isa = PBXFileReference; lastKnownFileType = folder.assetcatalog; path = Assets.xcassets; sourceTree = "<group>"; };
		6B94CBC01D19DEB6003CF7C7 /* Info.plist */ = {isa = PBXFileReference; lastKnownFileType = text.plist.xml; path = Info.plist; sourceTree = "<group>"; };
		6B9C46D61D2458FB00BAA098 /* AllListsViewController.swift */ = {isa = PBXFileReference; fileEncoding = 4; lastKnownFileType = sourcecode.swift; path = AllListsViewController.swift; sourceTree = "<group>"; };
		6B9C46D91D245DB800BAA098 /* Checklist.swift */ = {isa = PBXFileReference; fileEncoding = 4; lastKnownFileType = sourcecode.swift; path = Checklist.swift; sourceTree = "<group>"; };
		6B9C46DB1D24660A00BAA098 /* ListDetailViewController.swift */ = {isa = PBXFileReference; fileEncoding = 4; lastKnownFileType = sourcecode.swift; path = ListDetailViewController.swift; sourceTree = "<group>"; };
		6B9C46DD1D2469DE00BAA098 /* ListDetailViewControllerDelegate.swift */ = {isa = PBXFileReference; fileEncoding = 4; lastKnownFileType = sourcecode.swift; path = ListDetailViewControllerDelegate.swift; sourceTree = "<group>"; };
/* End PBXFileReference section */

/* Begin PBXFrameworksBuildPhase section */
		6B94CBAE1D19DEA6003CF7C7 /* Frameworks */ = {
			isa = PBXFrameworksBuildPhase;
			buildActionMask = 2147483647;
			files = (
			);
			runOnlyForDeploymentPostprocessing = 0;
		};
/* End PBXFrameworksBuildPhase section */

/* Begin PBXGroup section */
		60CDF5D11D257B2A00EADDBC /* Delegate */ = {
			isa = PBXGroup;
			children = (
				6B9C46DD1D2469DE00BAA098 /* ListDetailViewControllerDelegate.swift */,
				605391081D1AD15A00B38642 /* ItemDetailViewControllerDelegate.swift */,
				60CDF5D21D257B8A00EADDBC /* IconPickerViewControllerDelegate.swift */,
			);
			name = Delegate;
			sourceTree = "<group>";
		};
		6B94CBA81D19DEA5003CF7C7 = {
			isa = PBXGroup;
			children = (
				6B94CBB31D19DEB4003CF7C7 /* CheckLister */,
				6B94CBB21D19DEA6003CF7C7 /* Products */,
			);
			sourceTree = "<group>";
		};
		6B94CBB21D19DEA6003CF7C7 /* Products */ = {
			isa = PBXGroup;
			children = (
				6B94CBB11D19DEA6003CF7C7 /* CheckLister.app */,
			);
			name = Products;
			sourceTree = "<group>";
		};
		6B94CBB31D19DEB4003CF7C7 /* CheckLister */ = {
			isa = PBXGroup;
			children = (
				6B9C46D81D245D9900BAA098 /* Model */,
				60CDF5D11D257B2A00EADDBC /* Delegate */,
				6B94CBB41D19DEB5003CF7C7 /* AppDelegate.swift */,
				6081F0081D1AA49B004899E9 /* ItemDetailViewController.swift */,
				6B94CBB61D19DEB5003CF7C7 /* ChecklistViewController.swift */,
				6B94CBB81D19DEB5003CF7C7 /* Main.storyboard */,
				6B94CBBB1D19DEB5003CF7C7 /* Assets.xcassets */,
				6B94CBC01D19DEB6003CF7C7 /* Info.plist */,
				6B9C46D61D2458FB00BAA098 /* AllListsViewController.swift */,
				6B9C46DB1D24660A00BAA098 /* ListDetailViewController.swift */,
				60CDF5D41D257BEA00EADDBC /* IconPickerViewController.swift */,
			);
			path = CheckLister;
			sourceTree = "<group>";
		};
		6B9C46D81D245D9900BAA098 /* Model */ = {
			isa = PBXGroup;
			children = (
				6081F0061D1A7C34004899E9 /* ChecklistItem.swift */,
				6B9C46D91D245DB800BAA098 /* Checklist.swift */,
				603089B41D254F0F001F3D76 /* DataModel.swift */,
			);
			name = Model;
			sourceTree = "<group>";
		};
/* End PBXGroup section */

/* Begin PBXNativeTarget section */
		6B94CBB01D19DEA6003CF7C7 /* CheckLister */ = {
			isa = PBXNativeTarget;
			buildConfigurationList = 6B94CBC31D19DEB6003CF7C7 /* Build configuration list for PBXNativeTarget "CheckLister" */;
			buildPhases = (
				6B94CBAD1D19DEA6003CF7C7 /* Sources */,
				6B94CBAE1D19DEA6003CF7C7 /* Frameworks */,
				6B94CBAF1D19DEA6003CF7C7 /* Resources */,
			);
			buildRules = (
			);
			dependencies = (
			);
			name = CheckLister;
			productName = CheckLister;
			productReference = 6B94CBB11D19DEA6003CF7C7 /* CheckLister.app */;
			productType = "com.apple.product-type.application";
		};
/* End PBXNativeTarget section */

/* Begin PBXProject section */
		6B94CBA91D19DEA6003CF7C7 /* Project object */ = {
			isa = PBXProject;
			attributes = {
				LastSwiftUpdateCheck = 0730;
				LastUpgradeCheck = 0730;
				ORGANIZATIONNAME = "Vitaly Gashock";
				TargetAttributes = {
					6B94CBB01D19DEA6003CF7C7 = {
						CreatedOnToolsVersion = 7.3.1;
						DevelopmentTeam = BYK9S5DU23;
						LastSwiftMigration = 0820;
					};
				};
			};
			buildConfigurationList = 6B94CBAC1D19DEA6003CF7C7 /* Build configuration list for PBXProject "CheckLister" */;
			compatibilityVersion = "Xcode 3.2";
			developmentRegion = English;
			hasScannedForEncodings = 0;
			knownRegions = (
				en,
				Base,
			);
			mainGroup = 6B94CBA81D19DEA5003CF7C7;
			productRefGroup = 6B94CBB21D19DEA6003CF7C7 /* Products */;
			projectDirPath = "";
			projectRoot = "";
			targets = (
				6B94CBB01D19DEA6003CF7C7 /* CheckLister */,
			);
		};
/* End PBXProject section */

/* Begin PBXResourcesBuildPhase section */
		6B94CBAF1D19DEA6003CF7C7 /* Resources */ = {
			isa = PBXResourcesBuildPhase;
			buildActionMask = 2147483647;
			files = (
				6B94CBBC1D19DEB5003CF7C7 /* Assets.xcassets in Resources */,
				6B94CBBA1D19DEB5003CF7C7 /* Main.storyboard in Resources */,
			);
			runOnlyForDeploymentPostprocessing = 0;
		};
/* End PBXResourcesBuildPhase section */

/* Begin PBXSourcesBuildPhase section */
		6B94CBAD1D19DEA6003CF7C7 /* Sources */ = {
			isa = PBXSourcesBuildPhase;
			buildActionMask = 2147483647;
			files = (
				605391091D1AD15A00B38642 /* ItemDetailViewControllerDelegate.swift in Sources */,
				6B9C46DE1D2469DE00BAA098 /* ListDetailViewControllerDelegate.swift in Sources */,
				6B94CBB71D19DEB5003CF7C7 /* ChecklistViewController.swift in Sources */,
				60CDF5D51D257BEA00EADDBC /* IconPickerViewController.swift in Sources */,
				6B9C46D71D2458FB00BAA098 /* AllListsViewController.swift in Sources */,
				6081F0091D1AA49B004899E9 /* ItemDetailViewController.swift in Sources */,
				60CDF5D31D257B8A00EADDBC /* IconPickerViewControllerDelegate.swift in Sources */,
				603089B51D254F0F001F3D76 /* DataModel.swift in Sources */,
				6081F0071D1A7C34004899E9 /* ChecklistItem.swift in Sources */,
				6B94CBB51D19DEB5003CF7C7 /* AppDelegate.swift in Sources */,
				6B9C46DA1D245DB800BAA098 /* Checklist.swift in Sources */,
				6B9C46DC1D24660A00BAA098 /* ListDetailViewController.swift in Sources */,
			);
			runOnlyForDeploymentPostprocessing = 0;
		};
/* End PBXSourcesBuildPhase section */

/* Begin PBXVariantGroup section */
		6B94CBB81D19DEB5003CF7C7 /* Main.storyboard */ = {
			isa = PBXVariantGroup;
			children = (
				6B94CBB91D19DEB5003CF7C7 /* Base */,
			);
			name = Main.storyboard;
			sourceTree = "<group>";
		};
/* End PBXVariantGroup section */

/* Begin XCBuildConfiguration section */
		6B94CBC11D19DEB6003CF7C7 /* Debug */ = {
			isa = XCBuildConfiguration;
			buildSettings = {
				ALWAYS_SEARCH_USER_PATHS = NO;
				CLANG_ANALYZER_NONNULL = YES;
				CLANG_CXX_LANGUAGE_STANDARD = "gnu++0x";
				CLANG_CXX_LIBRARY = "libc++";
				CLANG_ENABLE_MODULES = YES;
				CLANG_ENABLE_OBJC_ARC = YES;
				CLANG_WARN_BOOL_CONVERSION = YES;
				CLANG_WARN_CONSTANT_CONVERSION = YES;
				CLANG_WARN_DIRECT_OBJC_ISA_USAGE = YES_ERROR;
				CLANG_WARN_EMPTY_BODY = YES;
				CLANG_WARN_ENUM_CONVERSION = YES;
				CLANG_WARN_INT_CONVERSION = YES;
				CLANG_WARN_OBJC_ROOT_CLASS = YES_ERROR;
				CLANG_WARN_UNREACHABLE_CODE = YES;
				CLANG_WARN__DUPLICATE_METHOD_MATCH = YES;
				"CODE_SIGN_IDENTITY[sdk=iphoneos*]" = "iPhone Developer";
				COPY_PHASE_STRIP = NO;
				DEBUG_INFORMATION_FORMAT = dwarf;
				ENABLE_STRICT_OBJC_MSGSEND = YES;
				ENABLE_TESTABILITY = YES;
				GCC_C_LANGUAGE_STANDARD = gnu99;
				GCC_DYNAMIC_NO_PIC = NO;
				GCC_NO_COMMON_BLOCKS = YES;
				GCC_OPTIMIZATION_LEVEL = 0;
				GCC_PREPROCESSOR_DEFINITIONS = (
					"DEBUG=1",
					"$(inherited)",
				);
				GCC_WARN_64_TO_32_BIT_CONVERSION = YES;
				GCC_WARN_ABOUT_RETURN_TYPE = YES_ERROR;
				GCC_WARN_UNDECLARED_SELECTOR = YES;
				GCC_WARN_UNINITIALIZED_AUTOS = YES_AGGRESSIVE;
				GCC_WARN_UNUSED_FUNCTION = YES;
				GCC_WARN_UNUSED_VARIABLE = YES;
				IPHONEOS_DEPLOYMENT_TARGET = 9.3;
				MTL_ENABLE_DEBUG_INFO = YES;
				ONLY_ACTIVE_ARCH = YES;
				SDKROOT = iphoneos;
				SWIFT_OPTIMIZATION_LEVEL = "-Onone";
			};
			name = Debug;
		};
		6B94CBC21D19DEB6003CF7C7 /* Release */ = {
			isa = XCBuildConfiguration;
			buildSettings = {
				ALWAYS_SEARCH_USER_PATHS = NO;
				CLANG_ANALYZER_NONNULL = YES;
				CLANG_CXX_LANGUAGE_STANDARD = "gnu++0x";
				CLANG_CXX_LIBRARY = "libc++";
				CLANG_ENABLE_MODULES = YES;
				CLANG_ENABLE_OBJC_ARC = YES;
				CLANG_WARN_BOOL_CONVERSION = YES;
				CLANG_WARN_CONSTANT_CONVERSION = YES;
				CLANG_WARN_DIRECT_OBJC_ISA_USAGE = YES_ERROR;
				CLANG_WARN_EMPTY_BODY = YES;
				CLANG_WARN_ENUM_CONVERSION = YES;
				CLANG_WARN_INT_CONVERSION = YES;
				CLANG_WARN_OBJC_ROOT_CLASS = YES_ERROR;
				CLANG_WARN_UNREACHABLE_CODE = YES;
				CLANG_WARN__DUPLICATE_METHOD_MATCH = YES;
				"CODE_SIGN_IDENTITY[sdk=iphoneos*]" = "iPhone Developer";
				COPY_PHASE_STRIP = NO;
				DEBUG_INFORMATION_FORMAT = "dwarf-with-dsym";
				ENABLE_NS_ASSERTIONS = NO;
				ENABLE_STRICT_OBJC_MSGSEND = YES;
				GCC_C_LANGUAGE_STANDARD = gnu99;
				GCC_NO_COMMON_BLOCKS = YES;
				GCC_WARN_64_TO_32_BIT_CONVERSION = YES;
				GCC_WARN_ABOUT_RETURN_TYPE = YES_ERROR;
				GCC_WARN_UNDECLARED_SELECTOR = YES;
				GCC_WARN_UNINITIALIZED_AUTOS = YES_AGGRESSIVE;
				GCC_WARN_UNUSED_FUNCTION = YES;
				GCC_WARN_UNUSED_VARIABLE = YES;
				IPHONEOS_DEPLOYMENT_TARGET = 9.3;
				MTL_ENABLE_DEBUG_INFO = NO;
				SDKROOT = iphoneos;
				VALIDATE_PRODUCT = YES;
			};
			name = Release;
		};
		6B94CBC41D19DEB6003CF7C7 /* Debug */ = {
			isa = XCBuildConfiguration;
			buildSettings = {
				ASSETCATALOG_COMPILER_APPICON_NAME = AppIcon;
				INFOPLIST_FILE = CheckLister/Info.plist;
				LD_RUNPATH_SEARCH_PATHS = "$(inherited) @executable_path/Frameworks";
				PRODUCT_BUNDLE_IDENTIFIER = com.gshockv.CheckLister;
				PRODUCT_NAME = "$(TARGET_NAME)";
				SWIFT_VERSION = 3.0;
				TARGETED_DEVICE_FAMILY = "1,2";
			};
			name = Debug;
		};
		6B94CBC51D19DEB6003CF7C7 /* Release */ = {
			isa = XCBuildConfiguration;
			buildSettings = {
				ASSETCATALOG_COMPILER_APPICON_NAME = AppIcon;
				INFOPLIST_FILE = CheckLister/Info.plist;
				LD_RUNPATH_SEARCH_PATHS = "$(inherited) @executable_path/Frameworks";
				PRODUCT_BUNDLE_IDENTIFIER = com.gshockv.CheckLister;
				PRODUCT_NAME = "$(TARGET_NAME)";
				SWIFT_VERSION = 3.0;
				TARGETED_DEVICE_FAMILY = "1,2";
			};
			name = Release;
		};
/* End XCBuildConfiguration section */

/* Begin XCConfigurationList section */
		6B94CBAC1D19DEA6003CF7C7 /* Build configuration list for PBXProject "CheckLister" */ = {
			isa = XCConfigurationList;
			buildConfigurations = (
				6B94CBC11D19DEB6003CF7C7 /* Debug */,
				6B94CBC21D19DEB6003CF7C7 /* Release */,
			);
			defaultConfigurationIsVisible = 0;
			defaultConfigurationName = Release;
		};
		6B94CBC31D19DEB6003CF7C7 /* Build configuration list for PBXNativeTarget "CheckLister" */ = {
			isa = XCConfigurationList;
			buildConfigurations = (
				6B94CBC41D19DEB6003CF7C7 /* Debug */,
				6B94CBC51D19DEB6003CF7C7 /* Release */,
			);
			defaultConfigurationIsVisible = 0;
			defaultConfigurationName = Release;
		};
/* End XCConfigurationList section */
	};
	rootObject = 6B94CBA91D19DEA6003CF7C7 /* Project object */;
}
